{
    "_readme": [
        "This file locks the dependencies of your project to a known state",
        "Read more about it at http://getcomposer.org/doc/01-basic-usage.md#composer-lock-the-lock-file",
        "This file is @generated automatically"
    ],
    "hash": "a9595900cea729e9cd10371b2d85fb31",
    "packages": [
        {
            "name": "zendframework/zend-loader",
            "version": "2.0.8",
            "target-dir": "Zend/Loader",
            "source": {
                "type": "git",
                "url": "https://github.com/zendframework/Component_ZendLoader.git",
                "reference": "d71b978c6af6accbd42ebd6617afd5d098511a90"
            },
            "dist": {
                "type": "zip",
                "url": "https://packages.zendframework.com/composer/zendframework-zend-loader-d71b978c6af6accbd42ebd6617afd5d098511a90-zip-7a264e.zip",
                "reference": "2.0.8",
                "shasum": "43bf8b6947d1ac62e8390ccc4382fbe5fd20f5e9"
            },
            "require": {
                "php": ">=5.3.3"
            },
            "suggest": {
                "zendframework/zend-stdlib": "Zend\\Stdlib component"
            },
            "type": "library",
            "autoload": {
                "psr-0": {
                    "Zend\\Loader\\": ""
                }
            },
            "license": [
                "BSD-3-Clause"
            ],
            "description": " ",
            "keywords": [
                "loader",
                "zf2"
            ],
            "support": {
                "source": "https://github.com/zendframework/Component_ZendLoader/tree/release-2.0.8"
            },
            "time": "2013-01-22 20:50:52"
        },
        {
            "name": "zendframework/zend-mail",
            "version": "2.0.8",
            "target-dir": "Zend/Mail",
            "source": {
                "type": "git",
                "url": "https://github.com/zendframework/Component_ZendMail.git",
                "reference": "93caa01af19925ab5129c17761902e77b59984a8"
            },
            "dist": {
                "type": "zip",
                "url": "https://packages.zendframework.com/composer/zendframework-zend-mail-93caa01af19925ab5129c17761902e77b59984a8-zip-45e323.zip",
                "reference": "2.0.8",
                "shasum": "849d8e7ee2dd690652dc10a709af06e5074c3fef"
            },
            "require": {
                "php": ">=5.3.3",
                "zendframework/zend-loader": "self.version",
                "zendframework/zend-mime": "self.version",
                "zendframework/zend-stdlib": "self.version"
            },
            "suggest": {
                "zendframework/zend-servicemanager": "Zend\\ServiceManager component",
                "zendframework/zend-validator": "Zend\\Validator component"
            },
            "type": "library",
            "autoload": {
                "psr-0": {
                    "Zend\\Mail\\": ""
                }
            },
            "license": [
                "BSD-3-Clause"
            ],
            "description": "provides generalized functionality to compose and send both text and MIME-compliant multipart e-mail messages",
            "keywords": [
                "mail",
                "zf2"
            ],
            "support": {
                "source": "https://github.com/zendframework/Component_ZendMail/tree/release-2.0.8"
            },
            "time": "2013-01-27 09:20:56"
        },
        {
            "name": "zendframework/zend-mime",
            "version": "2.0.8",
            "target-dir": "Zend/Mime",
            "source": {
                "type": "git",
                "url": "https://github.com/zendframework/Component_ZendMime.git",
                "reference": "d1322e7218c309703139fb316ffe4cdfa3210617"
            },
            "dist": {
                "type": "zip",
                "url": "https://packages.zendframework.com/composer/zendframework-zend-mime-d1322e7218c309703139fb316ffe4cdfa3210617-zip-641d7e.zip",
                "reference": "2.0.8",
                "shasum": "67a46719e7f34b4bc5a19030899d7682a782ea57"
            },
            "require": {
                "php": ">=5.3.3",
                "zendframework/zend-stdlib": "self.version"
            },
            "type": "library",
            "autoload": {
                "psr-0": {
                    "Zend\\Mime\\": ""
                }
            },
            "license": [
                "BSD-3-Clause"
            ],
            "description": " ",
            "keywords": [
                "mime",
                "zf2"
            ],
            "support": {
                "source": "https://github.com/zendframework/Component_ZendMime/tree/release-2.0.8"
            },
            "time": "2013-01-07 17:45:37"
        },
        {
            "name": "zendframework/zend-stdlib",
            "version": "2.0.8",
            "target-dir": "Zend/Stdlib",
            "source": {
                "type": "git",
                "url": "https://github.com/zendframework/Component_ZendStdlib.git",
                "reference": "955622d5b20e45c4cd2520f54cbca3b19cfec8c0"
            },
            "dist": {
                "type": "zip",
                "url": "https://packages.zendframework.com/composer/zendframework-zend-stdlib-955622d5b20e45c4cd2520f54cbca3b19cfec8c0-zip-1cb098.zip",
                "reference": "2.0.8",
                "shasum": "d257098f4d1c28f60ca2ad2a7e10f9996c8bd9e7"
            },
            "require": {
                "php": ">=5.3.3"
            },
            "suggest": {
                "pecl-weakref": "Implementation of weak references for Stdlib\\CallbackHandler"
            },
            "type": "library",
            "autoload": {
                "psr-0": {
                    "Zend\\Stdlib\\": ""
                }
            },
            "license": [
                "BSD-3-Clause"
            ],
            "description": " ",
            "keywords": [
                "stdlib",
                "zf2"
            ],
            "support": {
                "source": "https://github.com/zendframework/Component_ZendStdlib/tree/release-2.0.8"
            },
            "time": "2013-01-22 20:50:52"
        }
    ],
    "packages-dev": [

    ],
    "aliases": [

    ],
    "minimum-stability": "stable",
    "stability-flags": [

    ],
    "prefer-stable": false,
    "platform": [

    ],
    "platform-dev": [

    ]
}
